
Microsoft Visual Studio Solution File, Format Version 12.00
# Visual Studio Version 17
VisualStudioVersion = 17.6.33815.320
MinimumVisualStudioVersion = 10.0.40219.1
Project("{FAE04EC0-301F-11D3-BF4B-00C04F79EFBC}") = "RevShell", "RevShell.csproj", "{FED20EC8-199B-46C2-AB52-1FB2D4F2E8DC}"
EndProject
Global
	GlobalSection(SolutionConfigurationPlatforms) = preSolution
		Debug|Any CPU = Debug|Any CPU
		Release|Any CPU = Release|Any CPU
	EndGlobalSection
	GlobalSection(ProjectConfigurationPlatforms) = postSolution
		{FED20EC8-199B-46C2-AB52-1FB2D4F2E8DC}.Debug|Any CPU.ActiveCfg = Debug|Any CPU
		{FED20EC8-199B-46C2-AB52-1FB2D4F2E8DC}.Debug|Any CPU.Build.0 = Debug|Any CPU
		{FED20EC8-199B-46C2-AB52-1FB2D4F2E8DC}.Release|Any CPU.ActiveCfg = Release|Any CPU
		{FED20EC8-199B-46C2-AB52-1FB2D4F2E8DC}.Release|Any CPU.Build.0 = Release|Any CPU
	EndGlobalSection
	GlobalSection(SolutionProperties) = preSolution
		HideSolutionNode = FALSE
	EndGlobalSection
	GlobalSection(ExtensibilityGlobals) = postSolution
		SolutionGuid = {E43EC196-5FCA-42BE-848A-E474F067CEBB}
	EndGlobalSection
EndGlobal
